
Microsoft Visual Studio Solution File, Format Version 12.00
# Visual Studio 15
VisualStudioVersion = 15.0.27428.2037
MinimumVisualStudioVersion = 10.0.40219.1
Project("{FAE04EC0-301F-11D3-BF4B-00C04F79EFBC}") = "Talk-VOICEROID", "Talk-VOICEROID\Talk-VOICEROID.csproj", "{4837D54C-6FFC-4F5F-B170-283F4FCF8235}"
EndProject
Global
	GlobalSection(SolutionConfigurationPlatforms) = preSolution
		Debug|Any CPU = Debug|Any CPU
		Release|Any CPU = Release|Any CPU
	EndGlobalSection
	GlobalSection(ProjectConfigurationPlatforms) = postSolution
		{4837D54C-6FFC-4F5F-B170-283F4FCF8235}.Debug|Any CPU.ActiveCfg = Debug|Any CPU
		{4837D54C-6FFC-4F5F-B170-283F4FCF8235}.Debug|Any CPU.Build.0 = Debug|Any CPU
		{4837D54C-6FFC-4F5F-B170-283F4FCF8235}.Release|Any CPU.ActiveCfg = Release|Any CPU
		{4837D54C-6FFC-4F5F-B170-283F4FCF8235}.Release|Any CPU.Build.0 = Release|Any CPU
	EndGlobalSection
	GlobalSection(SolutionProperties) = preSolution
		HideSolutionNode = FALSE
	EndGlobalSection
	GlobalSection(ExtensibilityGlobals) = postSolution
		SolutionGuid = {B23A9401-8517-4EFE-A780-30B4942D37C9}
	EndGlobalSection
EndGlobal
